// !$*UTF8*$!
{
	archiveVersion = 1;
	classes = {
	};
	objectVersion = 50;
	objects = {

/* Begin PBXBuildFile section */
		9739E595E09C73419484EE0D /* Pods_GU_Athletics_Mindfulness.framework in Frameworks */ = {isa = PBXBuildFile; fileRef = F8FE339DDD1C5A46CFEE6C1A /* Pods_GU_Athletics_Mindfulness.framework */; };
		B517311E21ACA22D002096C4 /* AppDelegate.swift in Sources */ = {isa = PBXBuildFile; fileRef = B517311D21ACA22D002096C4 /* AppDelegate.swift */; };
		B517312021ACA22D002096C4 /* ViewController.swift in Sources */ = {isa = PBXBuildFile; fileRef = B517311F21ACA22D002096C4 /* ViewController.swift */; };
		B517312321ACA22D002096C4 /* Main.storyboard in Resources */ = {isa = PBXBuildFile; fileRef = B517312121ACA22D002096C4 /* Main.storyboard */; };
		B517312621ACA22D002096C4 /* GU_Athletics_Mindfulness.xcdatamodeld in Sources */ = {isa = PBXBuildFile; fileRef = B517312421ACA22D002096C4 /* GU_Athletics_Mindfulness.xcdatamodeld */; };
		B517312821ACA230002096C4 /* Assets.xcassets in Resources */ = {isa = PBXBuildFile; fileRef = B517312721ACA230002096C4 /* Assets.xcassets */; };
		B517312B21ACA230002096C4 /* LaunchScreen.storyboard in Resources */ = {isa = PBXBuildFile; fileRef = B517312921ACA230002096C4 /* LaunchScreen.storyboard */; };
		B517313321ACA424002096C4 /* chart.html in Resources */ = {isa = PBXBuildFile; fileRef = B517313221ACA424002096C4 /* chart.html */; };
		B5C11C9D21B48875008D702A /* Day.swift in Sources */ = {isa = PBXBuildFile; fileRef = B5C11C9C21B48875008D702A /* Day.swift */; };
		B5C11CA721B4C5E7008D702A /* DayCollection.swift in Sources */ = {isa = PBXBuildFile; fileRef = B5C11CA621B4C5E7008D702A /* DayCollection.swift */; };
		EE28594E21BC7FAD004DED38 /* DaysTableViewController.swift in Sources */ = {isa = PBXBuildFile; fileRef = EE28594D21BC7FAD004DED38 /* DaysTableViewController.swift */; };
		EE28595021BC8049004DED38 /* DaysTableViewCell.swift in Sources */ = {isa = PBXBuildFile; fileRef = EE28594F21BC8049004DED38 /* DaysTableViewCell.swift */; };
/* End PBXBuildFile section */

/* Begin PBXFileReference section */
		6C051585A9128F3D5AC4A3A0 /* Pods-GU Athletics Mindfulness.release.xcconfig */ = {isa = PBXFileReference; includeInIndex = 1; lastKnownFileType = text.xcconfig; name = "Pods-GU Athletics Mindfulness.release.xcconfig"; path = "Pods/Target Support Files/Pods-GU Athletics Mindfulness/Pods-GU Athletics Mindfulness.release.xcconfig"; sourceTree = "<group>"; };
		8992DC79E17321DCAD4DD1AA /* Pods-GU Athletics Mindfulness.debug.xcconfig */ = {isa = PBXFileReference; includeInIndex = 1; lastKnownFileType = text.xcconfig; name = "Pods-GU Athletics Mindfulness.debug.xcconfig"; path = "Pods/Target Support Files/Pods-GU Athletics Mindfulness/Pods-GU Athletics Mindfulness.debug.xcconfig"; sourceTree = "<group>"; };
		B517311A21ACA22D002096C4 /* GU Athletics Mindfulness.app */ = {isa = PBXFileReference; explicitFileType = wrapper.application; includeInIndex = 0; path = "GU Athletics Mindfulness.app"; sourceTree = BUILT_PRODUCTS_DIR; };
		B517311D21ACA22D002096C4 /* AppDelegate.swift */ = {isa = PBXFileReference; lastKnownFileType = sourcecode.swift; path = AppDelegate.swift; sourceTree = "<group>"; };
		B517311F21ACA22D002096C4 /* ViewController.swift */ = {isa = PBXFileReference; lastKnownFileType = sourcecode.swift; path = ViewController.swift; sourceTree = "<group>"; };
		B517312221ACA22D002096C4 /* Base */ = {isa = PBXFileReference; lastKnownFileType = file.storyboard; name = Base; path = Base.lproj/Main.storyboard; sourceTree = "<group>"; };
		B517312521ACA22D002096C4 /* GU_Athletics_Mindfulness.xcdatamodel */ = {isa = PBXFileReference; lastKnownFileType = wrapper.xcdatamodel; path = GU_Athletics_Mindfulness.xcdatamodel; sourceTree = "<group>"; };
		B517312721ACA230002096C4 /* Assets.xcassets */ = {isa = PBXFileReference; lastKnownFileType = folder.assetcatalog; path = Assets.xcassets; sourceTree = "<group>"; };
		B517312A21ACA230002096C4 /* Base */ = {isa = PBXFileReference; lastKnownFileType = file.storyboard; name = Base; path = Base.lproj/LaunchScreen.storyboard; sourceTree = "<group>"; };
		B517312C21ACA230002096C4 /* Info.plist */ = {isa = PBXFileReference; lastKnownFileType = text.plist.xml; path = Info.plist; sourceTree = "<group>"; };
		B517313221ACA424002096C4 /* chart.html */ = {isa = PBXFileReference; explicitFileType = text.html; name = chart.html; path = "/Users/emmadelucchi/Documents/ComputerScience/cpsc315/finalProjectFixed/GU Athletics Mindfulness/chart.html"; sourceTree = "<absolute>"; };
		B5C11C9C21B48875008D702A /* Day.swift */ = {isa = PBXFileReference; lastKnownFileType = sourcecode.swift; path = Day.swift; sourceTree = "<group>"; };
		B5C11CA621B4C5E7008D702A /* DayCollection.swift */ = {isa = PBXFileReference; lastKnownFileType = sourcecode.swift; path = DayCollection.swift; sourceTree = "<group>"; };
		EE28594D21BC7FAD004DED38 /* DaysTableViewController.swift */ = {isa = PBXFileReference; lastKnownFileType = sourcecode.swift; path = DaysTableViewController.swift; sourceTree = "<group>"; };
		EE28594F21BC8049004DED38 /* DaysTableViewCell.swift */ = {isa = PBXFileReference; lastKnownFileType = sourcecode.swift; path = DaysTableViewCell.swift; sourceTree = "<group>"; };
		F8FE339DDD1C5A46CFEE6C1A /* Pods_GU_Athletics_Mindfulness.framework */ = {isa = PBXFileReference; explicitFileType = wrapper.framework; includeInIndex = 0; path = Pods_GU_Athletics_Mindfulness.framework; sourceTree = BUILT_PRODUCTS_DIR; };
/* End PBXFileReference section */

/* Begin PBXFrameworksBuildPhase section */
		B517311721ACA22D002096C4 /* Frameworks */ = {
			isa = PBXFrameworksBuildPhase;
			buildActionMask = 2147483647;
			files = (
				9739E595E09C73419484EE0D /* Pods_GU_Athletics_Mindfulness.framework in Frameworks */,
			);
			runOnlyForDeploymentPostprocessing = 0;
		};
/* End PBXFrameworksBuildPhase section */

/* Begin PBXGroup section */
		7835DC8CAE5C51FFA5D76DEA /* Pods */ = {
			isa = PBXGroup;
			children = (
				8992DC79E17321DCAD4DD1AA /* Pods-GU Athletics Mindfulness.debug.xcconfig */,
				6C051585A9128F3D5AC4A3A0 /* Pods-GU Athletics Mindfulness.release.xcconfig */,
			);
			name = Pods;
			sourceTree = "<group>";
		};
		B517311121ACA22D002096C4 = {
			isa = PBXGroup;
			children = (
				B517311C21ACA22D002096C4 /* GU Athletics Mindfulness */,
				B517311B21ACA22D002096C4 /* Products */,
				7835DC8CAE5C51FFA5D76DEA /* Pods */,
				E0426B0C0AFE546859EA6457 /* Frameworks */,
			);
			sourceTree = "<group>";
		};
		B517311B21ACA22D002096C4 /* Products */ = {
			isa = PBXGroup;
			children = (
				B517311A21ACA22D002096C4 /* GU Athletics Mindfulness.app */,
			);
			name = Products;
			sourceTree = "<group>";
		};
		B517311C21ACA22D002096C4 /* GU Athletics Mindfulness */ = {
			isa = PBXGroup;
			children = (
				B517311D21ACA22D002096C4 /* AppDelegate.swift */,
				B517311F21ACA22D002096C4 /* ViewController.swift */,
				B517312121ACA22D002096C4 /* Main.storyboard */,
				EE28594F21BC8049004DED38 /* DaysTableViewCell.swift */,
				EE28594D21BC7FAD004DED38 /* DaysTableViewController.swift */,
				B517312721ACA230002096C4 /* Assets.xcassets */,
				B517312921ACA230002096C4 /* LaunchScreen.storyboard */,
				B517312C21ACA230002096C4 /* Info.plist */,
				B517312421ACA22D002096C4 /* GU_Athletics_Mindfulness.xcdatamodeld */,
				B517313221ACA424002096C4 /* chart.html */,
				B5C11C9C21B48875008D702A /* Day.swift */,
				B5C11CA621B4C5E7008D702A /* DayCollection.swift */,
			);
			path = "GU Athletics Mindfulness";
			sourceTree = "<group>";
		};
		E0426B0C0AFE546859EA6457 /* Frameworks */ = {
			isa = PBXGroup;
			children = (
				F8FE339DDD1C5A46CFEE6C1A /* Pods_GU_Athletics_Mindfulness.framework */,
			);
			name = Frameworks;
			sourceTree = "<group>";
		};
/* End PBXGroup section */

/* Begin PBXNativeTarget section */
		B517311921ACA22D002096C4 /* GU Athletics Mindfulness */ = {
			isa = PBXNativeTarget;
			buildConfigurationList = B517312F21ACA230002096C4 /* Build configuration list for PBXNativeTarget "GU Athletics Mindfulness" */;
			buildPhases = (
				4DEDA54446774DAAFA7D4744 /* [CP] Check Pods Manifest.lock */,
				B517311621ACA22D002096C4 /* Sources */,
				B517311721ACA22D002096C4 /* Frameworks */,
				B517311821ACA22D002096C4 /* Resources */,
				5E32264B87844114B85EAA8A /* [CP] Embed Pods Frameworks */,
			);
			buildRules = (
			);
			dependencies = (
			);
			name = "GU Athletics Mindfulness";
			productName = "GU Athletics Mindfulness";
			productReference = B517311A21ACA22D002096C4 /* GU Athletics Mindfulness.app */;
			productType = "com.apple.product-type.application";
		};
/* End PBXNativeTarget section */

/* Begin PBXProject section */
		B517311221ACA22D002096C4 /* Project object */ = {
			isa = PBXProject;
			attributes = {
				LastSwiftUpdateCheck = 1010;
				LastUpgradeCheck = 1010;
				ORGANIZATIONNAME = "Emma Delucchi";
				TargetAttributes = {
					B517311921ACA22D002096C4 = {
						CreatedOnToolsVersion = 10.1;
					};
				};
			};
			buildConfigurationList = B517311521ACA22D002096C4 /* Build configuration list for PBXProject "GU Athletics Mindfulness" */;
			compatibilityVersion = "Xcode 9.3";
			developmentRegion = en;
			hasScannedForEncodings = 0;
			knownRegions = (
				en,
				Base,
			);
			mainGroup = B517311121ACA22D002096C4;
			productRefGroup = B517311B21ACA22D002096C4 /* Products */;
			projectDirPath = "";
			projectRoot = "";
			targets = (
				B517311921ACA22D002096C4 /* GU Athletics Mindfulness */,
			);
		};
/* End PBXProject section */

/* Begin PBXResourcesBuildPhase section */
		B517311821ACA22D002096C4 /* Resources */ = {
			isa = PBXResourcesBuildPhase;
			buildActionMask = 2147483647;
			files = (
				B517312B21ACA230002096C4 /* LaunchScreen.storyboard in Resources */,
				B517312821ACA230002096C4 /* Assets.xcassets in Resources */,
				B517312321ACA22D002096C4 /* Main.storyboard in Resources */,
				B517313321ACA424002096C4 /* chart.html in Resources */,
			);
			runOnlyForDeploymentPostprocessing = 0;
		};
/* End PBXResourcesBuildPhase section */

/* Begin PBXShellScriptBuildPhase section */
		4DEDA54446774DAAFA7D4744 /* [CP] Check Pods Manifest.lock */ = {
			isa = PBXShellScriptBuildPhase;
			buildActionMask = 2147483647;
			files = (
			);
			inputFileListPaths = (
			);
			inputPaths = (
				"${PODS_PODFILE_DIR_PATH}/Podfile.lock",
				"${PODS_ROOT}/Manifest.lock",
			);
			name = "[CP] Check Pods Manifest.lock";
			outputFileListPaths = (
			);
			outputPaths = (
				"$(DERIVED_FILE_DIR)/Pods-GU Athletics Mindfulness-checkManifestLockResult.txt",
			);
			runOnlyForDeploymentPostprocessing = 0;
			shellPath = /bin/sh;
			shellScript = "diff \"${PODS_PODFILE_DIR_PATH}/Podfile.lock\" \"${PODS_ROOT}/Manifest.lock\" > /dev/null\nif [ $? != 0 ] ; then\n    # print error to STDERR\n    echo \"error: The sandbox is not in sync with the Podfile.lock. Run 'pod install' or update your CocoaPods installation.\" >&2\n    exit 1\nfi\n# This output is used by Xcode 'outputs' to avoid re-running this script phase.\necho \"SUCCESS\" > \"${SCRIPT_OUTPUT_FILE_0}\"\n";
			showEnvVarsInLog = 0;
		};
		5E32264B87844114B85EAA8A /* [CP] Embed Pods Frameworks */ = {
			isa = PBXShellScriptBuildPhase;
			buildActionMask = 2147483647;
			files = (
			);
			inputFileListPaths = (
			);
			inputPaths = (
				"${SRCROOT}/Pods/Target Support Files/Pods-GU Athletics Mindfulness/Pods-GU Athletics Mindfulness-frameworks.sh",
				"${BUILT_PRODUCTS_DIR}/SwiftyJSON/SwiftyJSON.framework",
			);
			name = "[CP] Embed Pods Frameworks";
			outputFileListPaths = (
			);
			outputPaths = (
				"${TARGET_BUILD_DIR}/${FRAMEWORKS_FOLDER_PATH}/SwiftyJSON.framework",
			);
			runOnlyForDeploymentPostprocessing = 0;
			shellPath = /bin/sh;
			shellScript = "\"${SRCROOT}/Pods/Target Support Files/Pods-GU Athletics Mindfulness/Pods-GU Athletics Mindfulness-frameworks.sh\"\n";
			showEnvVarsInLog = 0;
		};
/* End PBXShellScriptBuildPhase section */

/* Begin PBXSourcesBuildPhase section */
		B517311621ACA22D002096C4 /* Sources */ = {
			isa = PBXSourcesBuildPhase;
			buildActionMask = 2147483647;
			files = (
				B5C11CA721B4C5E7008D702A /* DayCollection.swift in Sources */,
				B517312021ACA22D002096C4 /* ViewController.swift in Sources */,
				B517311E21ACA22D002096C4 /* AppDelegate.swift in Sources */,
				B5C11C9D21B48875008D702A /* Day.swift in Sources */,
				B517312621ACA22D002096C4 /* GU_Athletics_Mindfulness.xcdatamodeld in Sources */,
				EE28595021BC8049004DED38 /* DaysTableViewCell.swift in Sources */,
				EE28594E21BC7FAD004DED38 /* DaysTableViewController.swift in Sources */,
			);
			runOnlyForDeploymentPostprocessing = 0;
		};
/* End PBXSourcesBuildPhase section */

/* Begin PBXVariantGroup section */
		B517312121ACA22D002096C4 /* Main.storyboard */ = {
			isa = PBXVariantGroup;
			children = (
				B517312221ACA22D002096C4 /* Base */,
			);
			name = Main.storyboard;
			sourceTree = "<group>";
		};
		B517312921ACA230002096C4 /* LaunchScreen.storyboard */ = {
			isa = PBXVariantGroup;
			children = (
				B517312A21ACA230002096C4 /* Base */,
			);
			name = LaunchScreen.storyboard;
			sourceTree = "<group>";
		};
/* End PBXVariantGroup section */

/* Begin XCBuildConfiguration section */
		B517312D21ACA230002096C4 /* Debug */ = {
			isa = XCBuildConfiguration;
			buildSettings = {
				ALWAYS_SEARCH_USER_PATHS = NO;
				CLANG_ANALYZER_NONNULL = YES;
				CLANG_ANALYZER_NUMBER_OBJECT_CONVERSION = YES_AGGRESSIVE;
				CLANG_CXX_LANGUAGE_STANDARD = "gnu++14";
				CLANG_CXX_LIBRARY = "libc++";
				CLANG_ENABLE_MODULES = YES;
				CLANG_ENABLE_OBJC_ARC = YES;
				CLANG_ENABLE_OBJC_WEAK = YES;
				CLANG_WARN_BLOCK_CAPTURE_AUTORELEASING = YES;
				CLANG_WARN_BOOL_CONVERSION = YES;
				CLANG_WARN_COMMA = YES;
				CLANG_WARN_CONSTANT_CONVERSION = YES;
				CLANG_WARN_DEPRECATED_OBJC_IMPLEMENTATIONS = YES;
				CLANG_WARN_DIRECT_OBJC_ISA_USAGE = YES_ERROR;
				CLANG_WARN_DOCUMENTATION_COMMENTS = YES;
				CLANG_WARN_EMPTY_BODY = YES;
				CLANG_WARN_ENUM_CONVERSION = YES;
				CLANG_WARN_INFINITE_RECURSION = YES;
				CLANG_WARN_INT_CONVERSION = YES;
				CLANG_WARN_NON_LITERAL_NULL_CONVERSION = YES;
				CLANG_WARN_OBJC_IMPLICIT_RETAIN_SELF = YES;
				CLANG_WARN_OBJC_LITERAL_CONVERSION = YES;
				CLANG_WARN_OBJC_ROOT_CLASS = YES_ERROR;
				CLANG_WARN_RANGE_LOOP_ANALYSIS = YES;
				CLANG_WARN_STRICT_PROTOTYPES = YES;
				CLANG_WARN_SUSPICIOUS_MOVE = YES;
				CLANG_WARN_UNGUARDED_AVAILABILITY = YES_AGGRESSIVE;
				CLANG_WARN_UNREACHABLE_CODE = YES;
				CLANG_WARN__DUPLICATE_METHOD_MATCH = YES;
				CODE_SIGN_IDENTITY = "iPhone Developer";
				COPY_PHASE_STRIP = NO;
				DEBUG_INFORMATION_FORMAT = dwarf;
				ENABLE_STRICT_OBJC_MSGSEND = YES;
				ENABLE_TESTABILITY = YES;
				GCC_C_LANGUAGE_STANDARD = gnu11;
				GCC_DYNAMIC_NO_PIC = NO;
				GCC_NO_COMMON_BLOCKS = YES;
				GCC_OPTIMIZATION_LEVEL = 0;
				GCC_PREPROCESSOR_DEFINITIONS = (
					"DEBUG=1",
					"$(inherited)",
				);
				GCC_WARN_64_TO_32_BIT_CONVERSION = YES;
				GCC_WARN_ABOUT_RETURN_TYPE = YES_ERROR;
				GCC_WARN_UNDECLARED_SELECTOR = YES;
				GCC_WARN_UNINITIALIZED_AUTOS = YES_AGGRESSIVE;
				GCC_WARN_UNUSED_FUNCTION = YES;
				GCC_WARN_UNUSED_VARIABLE = YES;
				IPHONEOS_DEPLOYMENT_TARGET = 12.1;
				MTL_ENABLE_DEBUG_INFO = INCLUDE_SOURCE;
				MTL_FAST_MATH = YES;
				ONLY_ACTIVE_ARCH = YES;
				SDKROOT = iphoneos;
				SWIFT_ACTIVE_COMPILATION_CONDITIONS = DEBUG;
				SWIFT_OPTIMIZATION_LEVEL = "-Onone";
			};
			name = Debug;
		};
		B517312E21ACA230002096C4 /* Release */ = {
			isa = XCBuildConfiguration;
			buildSettings = {
				ALWAYS_SEARCH_USER_PATHS = NO;
				CLANG_ANALYZER_NONNULL = YES;
				CLANG_ANALYZER_NUMBER_OBJECT_CONVERSION = YES_AGGRESSIVE;
				CLANG_CXX_LANGUAGE_STANDARD = "gnu++14";
				CLANG_CXX_LIBRARY = "libc++";
				CLANG_ENABLE_MODULES = YES;
				CLANG_ENABLE_OBJC_ARC = YES;
				CLANG_ENABLE_OBJC_WEAK = YES;
				CLANG_WARN_BLOCK_CAPTURE_AUTORELEASING = YES;
				CLANG_WARN_BOOL_CONVERSION = YES;
				CLANG_WARN_COMMA = YES;
				CLANG_WARN_CONSTANT_CONVERSION = YES;
				CLANG_WARN_DEPRECATED_OBJC_IMPLEMENTATIONS = YES;
				CLANG_WARN_DIRECT_OBJC_ISA_USAGE = YES_ERROR;
				CLANG_WARN_DOCUMENTATION_COMMENTS = YES;
				CLANG_WARN_EMPTY_BODY = YES;
				CLANG_WARN_ENUM_CONVERSION = YES;
				CLANG_WARN_INFINITE_RECURSION = YES;
				CLANG_WARN_INT_CONVERSION = YES;
				CLANG_WARN_NON_LITERAL_NULL_CONVERSION = YES;
				CLANG_WARN_OBJC_IMPLICIT_RETAIN_SELF = YES;
				CLANG_WARN_OBJC_LITERAL_CONVERSION = YES;
				CLANG_WARN_OBJC_ROOT_CLASS = YES_ERROR;
				CLANG_WARN_RANGE_LOOP_ANALYSIS = YES;
				CLANG_WARN_STRICT_PROTOTYPES = YES;
				CLANG_WARN_SUSPICIOUS_MOVE = YES;
				CLANG_WARN_UNGUARDED_AVAILABILITY = YES_AGGRESSIVE;
				CLANG_WARN_UNREACHABLE_CODE = YES;
				CLANG_WARN__DUPLICATE_METHOD_MATCH = YES;
				CODE_SIGN_IDENTITY = "iPhone Developer";
				COPY_PHASE_STRIP = NO;
				DEBUG_INFORMATION_FORMAT = "dwarf-with-dsym";
				ENABLE_NS_ASSERTIONS = NO;
				ENABLE_STRICT_OBJC_MSGSEND = YES;
				GCC_C_LANGUAGE_STANDARD = gnu11;
				GCC_NO_COMMON_BLOCKS = YES;
				GCC_WARN_64_TO_32_BIT_CONVERSION = YES;
				GCC_WARN_ABOUT_RETURN_TYPE = YES_ERROR;
				GCC_WARN_UNDECLARED_SELECTOR = YES;
				GCC_WARN_UNINITIALIZED_AUTOS = YES_AGGRESSIVE;
				GCC_WARN_UNUSED_FUNCTION = YES;
				GCC_WARN_UNUSED_VARIABLE = YES;
				IPHONEOS_DEPLOYMENT_TARGET = 12.1;
				MTL_ENABLE_DEBUG_INFO = NO;
				MTL_FAST_MATH = YES;
				SDKROOT = iphoneos;
				SWIFT_COMPILATION_MODE = wholemodule;
				SWIFT_OPTIMIZATION_LEVEL = "-O";
				VALIDATE_PRODUCT = YES;
			};
			name = Release;
		};
		B517313021ACA230002096C4 /* Debug */ = {
			isa = XCBuildConfiguration;
			baseConfigurationReference = 8992DC79E17321DCAD4DD1AA /* Pods-GU Athletics Mindfulness.debug.xcconfig */;
			buildSettings = {
				ASSETCATALOG_COMPILER_APPICON_NAME = AppIcon;
				CODE_SIGN_STYLE = Automatic;
				DEVELOPMENT_TEAM = GUYPJD4NUE;
				INFOPLIST_FILE = "GU Athletics Mindfulness/Info.plist";
				LD_RUNPATH_SEARCH_PATHS = (
					"$(inherited)",
					"@executable_path/Frameworks",
				);
				PRODUCT_BUNDLE_IDENTIFIER = "com.emmadelucchi.GU-Athletics-Mindfulness";
				PRODUCT_NAME = "$(TARGET_NAME)";
				SWIFT_VERSION = 4.2;
				TARGETED_DEVICE_FAMILY = "1,2";
			};
			name = Debug;
		};
		B517313121ACA230002096C4 /* Release */ = {
			isa = XCBuildConfiguration;
			baseConfigurationReference = 6C051585A9128F3D5AC4A3A0 /* Pods-GU Athletics Mindfulness.release.xcconfig */;
			buildSettings = {
				ASSETCATALOG_COMPILER_APPICON_NAME = AppIcon;
				CODE_SIGN_STYLE = Automatic;
				DEVELOPMENT_TEAM = GUYPJD4NUE;
				INFOPLIST_FILE = "GU Athletics Mindfulness/Info.plist";
				LD_RUNPATH_SEARCH_PATHS = (
					"$(inherited)",
					"@executable_path/Frameworks",
				);
				PRODUCT_BUNDLE_IDENTIFIER = "com.emmadelucchi.GU-Athletics-Mindfulness";
				PRODUCT_NAME = "$(TARGET_NAME)";
				SWIFT_VERSION = 4.2;
				TARGETED_DEVICE_FAMILY = "1,2";
			};
			name = Release;
		};
/* End XCBuildConfiguration section */

/* Begin XCConfigurationList section */
		B517311521ACA22D002096C4 /* Build configuration list for PBXProject "GU Athletics Mindfulness" */ = {
			isa = XCConfigurationList;
			buildConfigurations = (
				B517312D21ACA230002096C4 /* Debug */,
				B517312E21ACA230002096C4 /* Release */,
			);
			defaultConfigurationIsVisible = 0;
			defaultConfigurationName = Release;
		};
		B517312F21ACA230002096C4 /* Build configuration list for PBXNativeTarget "GU Athletics Mindfulness" */ = {
			isa = XCConfigurationList;
			buildConfigurations = (
				B517313021ACA230002096C4 /* Debug */,
				B517313121ACA230002096C4 /* Release */,
			);
			defaultConfigurationIsVisible = 0;
			defaultConfigurationName = Release;
		};
/* End XCConfigurationList section */

/* Begin XCVersionGroup section */
		B517312421ACA22D002096C4 /* GU_Athletics_Mindfulness.xcdatamodeld */ = {
			isa = XCVersionGroup;
			children = (
				B517312521ACA22D002096C4 /* GU_Athletics_Mindfulness.xcdatamodel */,
			);
			currentVersion = B517312521ACA22D002096C4 /* GU_Athletics_Mindfulness.xcdatamodel */;
			path = GU_Athletics_Mindfulness.xcdatamodeld;
			sourceTree = "<group>";
			versionGroupType = wrapper.xcdatamodel;
		};
/* End XCVersionGroup section */
	};
	rootObject = B517311221ACA22D002096C4 /* Project object */;
}
